
Microsoft Visual Studio Solution File, Format Version 12.00
# Visual Studio 15
VisualStudioVersion = 15.0.28307.489
MinimumVisualStudioVersion = 10.0.40219.1
Project("{FAE04EC0-301F-11D3-BF4B-00C04F79EFBC}") = "CarStoreEntity", "CarStoreEntity\CarStoreEntity.csproj", "{6A5EA601-A261-4E1E-951B-B5DFE9586290}"
EndProject
Project("{FAE04EC0-301F-11D3-BF4B-00C04F79EFBC}") = "DatabaseConnection", "DatabaseConnection\DatabaseConnection.csproj", "{6A462DF6-3CDB-477F-8C0C-AAB68877551E}"
EndProject
Project("{FAE04EC0-301F-11D3-BF4B-00C04F79EFBC}") = "Presentation", "Presentation\Presentation.csproj", "{6000B4D0-668C-414C-8DFA-C33F6D3D9E4F}"
EndProject
Global
	GlobalSection(SolutionConfigurationPlatforms) = preSolution
		Debug|Any CPU = Debug|Any CPU
		Release|Any CPU = Release|Any CPU
	EndGlobalSection
	GlobalSection(ProjectConfigurationPlatforms) = postSolution
		{6A5EA601-A261-4E1E-951B-B5DFE9586290}.Debug|Any CPU.ActiveCfg = Debug|Any CPU
		{6A5EA601-A261-4E1E-951B-B5DFE9586290}.Debug|Any CPU.Build.0 = Debug|Any CPU
		{6A5EA601-A261-4E1E-951B-B5DFE9586290}.Release|Any CPU.ActiveCfg = Release|Any CPU
		{6A5EA601-A261-4E1E-951B-B5DFE9586290}.Release|Any CPU.Build.0 = Release|Any CPU
		{6A462DF6-3CDB-477F-8C0C-AAB68877551E}.Debug|Any CPU.ActiveCfg = Debug|Any CPU
		{6A462DF6-3CDB-477F-8C0C-AAB68877551E}.Debug|Any CPU.Build.0 = Debug|Any CPU
		{6A462DF6-3CDB-477F-8C0C-AAB68877551E}.Release|Any CPU.ActiveCfg = Release|Any CPU
		{6A462DF6-3CDB-477F-8C0C-AAB68877551E}.Release|Any CPU.Build.0 = Release|Any CPU
		{6000B4D0-668C-414C-8DFA-C33F6D3D9E4F}.Debug|Any CPU.ActiveCfg = Debug|Any CPU
		{6000B4D0-668C-414C-8DFA-C33F6D3D9E4F}.Debug|Any CPU.Build.0 = Debug|Any CPU
		{6000B4D0-668C-414C-8DFA-C33F6D3D9E4F}.Release|Any CPU.ActiveCfg = Release|Any CPU
		{6000B4D0-668C-414C-8DFA-C33F6D3D9E4F}.Release|Any CPU.Build.0 = Release|Any CPU
	EndGlobalSection
	GlobalSection(SolutionProperties) = preSolution
		HideSolutionNode = FALSE
	EndGlobalSection
	GlobalSection(ExtensibilityGlobals) = postSolution
		SolutionGuid = {B84BF439-B850-4C3A-AE0F-41162898AD17}
	EndGlobalSection
EndGlobal
